
Microsoft Visual Studio Solution File, Format Version 12.00
# Visual Studio Version 17
VisualStudioVersion = 17.12.35527.113 d17.12
MinimumVisualStudioVersion = 10.0.40219.1
Project("{FAE04EC0-301F-11D3-BF4B-00C04F79EFBC}") = "WorkWithFiles", "WorkWithFiles\WorkWithFiles.csproj", "{5218BE73-770F-4902-B517-8A67D1229DBB}"
EndProject
Project("{FAE04EC0-301F-11D3-BF4B-00C04F79EFBC}") = "Task1", "Task1\Task1.csproj", "{FC7E121E-09A4-4088-BBC5-961138CDE303}"
EndProject
Project("{FAE04EC0-301F-11D3-BF4B-00C04F79EFBC}") = "Task2", "Task2\Task2.csproj", "{50ABC48D-5096-4B5D-89FA-8BDEC0BD612C}"
EndProject
Global
	GlobalSection(SolutionConfigurationPlatforms) = preSolution
		Debug|Any CPU = Debug|Any CPU
		Release|Any CPU = Release|Any CPU
	EndGlobalSection
	GlobalSection(ProjectConfigurationPlatforms) = postSolution
		{5218BE73-770F-4902-B517-8A67D1229DBB}.Debug|Any CPU.ActiveCfg = Debug|Any CPU
		{5218BE73-770F-4902-B517-8A67D1229DBB}.Debug|Any CPU.Build.0 = Debug|Any CPU
		{5218BE73-770F-4902-B517-8A67D1229DBB}.Release|Any CPU.ActiveCfg = Release|Any CPU
		{5218BE73-770F-4902-B517-8A67D1229DBB}.Release|Any CPU.Build.0 = Release|Any CPU
		{FC7E121E-09A4-4088-BBC5-961138CDE303}.Debug|Any CPU.ActiveCfg = Debug|Any CPU
		{FC7E121E-09A4-4088-BBC5-961138CDE303}.Debug|Any CPU.Build.0 = Debug|Any CPU
		{FC7E121E-09A4-4088-BBC5-961138CDE303}.Release|Any CPU.ActiveCfg = Release|Any CPU
		{FC7E121E-09A4-4088-BBC5-961138CDE303}.Release|Any CPU.Build.0 = Release|Any CPU
		{50ABC48D-5096-4B5D-89FA-8BDEC0BD612C}.Debug|Any CPU.ActiveCfg = Debug|Any CPU
		{50ABC48D-5096-4B5D-89FA-8BDEC0BD612C}.Debug|Any CPU.Build.0 = Debug|Any CPU
		{50ABC48D-5096-4B5D-89FA-8BDEC0BD612C}.Release|Any CPU.ActiveCfg = Release|Any CPU
		{50ABC48D-5096-4B5D-89FA-8BDEC0BD612C}.Release|Any CPU.Build.0 = Release|Any CPU
	EndGlobalSection
	GlobalSection(SolutionProperties) = preSolution
		HideSolutionNode = FALSE
	EndGlobalSection
EndGlobal
